// !$*UTF8*$!
{
	archiveVersion = 1;
	classes = {
	};
	objectVersion = 46;
	objects = {

/* Begin PBXBuildFile section */
		CCC968D819D9CD5400979CB2 /* AppDelegate.swift in Sources */ = {isa = PBXBuildFile; fileRef = CCC968D719D9CD5400979CB2 /* AppDelegate.swift */; };
		CCC968DA19D9CD5400979CB2 /* ViewController.swift in Sources */ = {isa = PBXBuildFile; fileRef = CCC968D919D9CD5400979CB2 /* ViewController.swift */; };
		CCC968DD19D9CD5400979CB2 /* Main.storyboard in Resources */ = {isa = PBXBuildFile; fileRef = CCC968DB19D9CD5400979CB2 /* Main.storyboard */; };
		CCC968DF19D9CD5400979CB2 /* Images.xcassets in Resources */ = {isa = PBXBuildFile; fileRef = CCC968DE19D9CD5400979CB2 /* Images.xcassets */; };
		CCC968E219D9CD5400979CB2 /* LaunchScreen.xib in Resources */ = {isa = PBXBuildFile; fileRef = CCC968E019D9CD5400979CB2 /* LaunchScreen.xib */; };
		CCC968EE19D9CD5400979CB2 /* postcardTests.swift in Sources */ = {isa = PBXBuildFile; fileRef = CCC968ED19D9CD5400979CB2 /* postcardTests.swift */; };
/* End PBXBuildFile section */

/* Begin PBXContainerItemProxy section */
		CCC968E819D9CD5400979CB2 /* PBXContainerItemProxy */ = {
			isa = PBXContainerItemProxy;
			containerPortal = CCC968CA19D9CD5300979CB2 /* Project object */;
			proxyType = 1;
			remoteGlobalIDString = CCC968D119D9CD5400979CB2;
			remoteInfo = postcard;
		};
/* End PBXContainerItemProxy section */

/* Begin PBXFileReference section */
		CCC968D219D9CD5400979CB2 /* postcard.app */ = {isa = PBXFileReference; explicitFileType = wrapper.application; includeInIndex = 0; path = postcard.app; sourceTree = BUILT_PRODUCTS_DIR; };
		CCC968D619D9CD5400979CB2 /* Info.plist */ = {isa = PBXFileReference; lastKnownFileType = text.plist.xml; path = Info.plist; sourceTree = "<group>"; };
		CCC968D719D9CD5400979CB2 /* AppDelegate.swift */ = {isa = PBXFileReference; lastKnownFileType = sourcecode.swift; path = AppDelegate.swift; sourceTree = "<group>"; };
		CCC968D919D9CD5400979CB2 /* ViewController.swift */ = {isa = PBXFileReference; lastKnownFileType = sourcecode.swift; path = ViewController.swift; sourceTree = "<group>"; };
		CCC968DC19D9CD5400979CB2 /* Base */ = {isa = PBXFileReference; lastKnownFileType = file.storyboard; name = Base; path = Base.lproj/Main.storyboard; sourceTree = "<group>"; };
		CCC968DE19D9CD5400979CB2 /* Images.xcassets */ = {isa = PBXFileReference; lastKnownFileType = folder.assetcatalog; path = Images.xcassets; sourceTree = "<group>"; };
		CCC968E119D9CD5400979CB2 /* Base */ = {isa = PBXFileReference; lastKnownFileType = file.xib; name = Base; path = Base.lproj/LaunchScreen.xib; sourceTree = "<group>"; };
		CCC968E719D9CD5400979CB2 /* postcardTests.xctest */ = {isa = PBXFileReference; explicitFileType = wrapper.cfbundle; includeInIndex = 0; path = postcardTests.xctest; sourceTree = BUILT_PRODUCTS_DIR; };
		CCC968EC19D9CD5400979CB2 /* Info.plist */ = {isa = PBXFileReference; lastKnownFileType = text.plist.xml; path = Info.plist; sourceTree = "<group>"; };
		CCC968ED19D9CD5400979CB2 /* postcardTests.swift */ = {isa = PBXFileReference; lastKnownFileType = sourcecode.swift; path = postcardTests.swift; sourceTree = "<group>"; };
/* End PBXFileReference section */

/* Begin PBXFrameworksBuildPhase section */
		CCC968CF19D9CD5400979CB2 /* Frameworks */ = {
			isa = PBXFrameworksBuildPhase;
			buildActionMask = 2147483647;
			files = (
			);
			runOnlyForDeploymentPostprocessing = 0;
		};
		CCC968E419D9CD5400979CB2 /* Frameworks */ = {
			isa = PBXFrameworksBuildPhase;
			buildActionMask = 2147483647;
			files = (
			);
			runOnlyForDeploymentPostprocessing = 0;
		};
/* End PBXFrameworksBuildPhase section */

/* Begin PBXGroup section */
		CCC968C919D9CD5300979CB2 = {
			isa = PBXGroup;
			children = (
				CCC968D419D9CD5400979CB2 /* postcard */,
				CCC968EA19D9CD5400979CB2 /* postcardTests */,
				CCC968D319D9CD5400979CB2 /* Products */,
			);
			sourceTree = "<group>";
		};
		CCC968D319D9CD5400979CB2 /* Products */ = {
			isa = PBXGroup;
			children = (
				CCC968D219D9CD5400979CB2 /* postcard.app */,
				CCC968E719D9CD5400979CB2 /* postcardTests.xctest */,
			);
			name = Products;
			sourceTree = "<group>";
		};
		CCC968D419D9CD5400979CB2 /* postcard */ = {
			isa = PBXGroup;
			children = (
				CCC968D719D9CD5400979CB2 /* AppDelegate.swift */,
				CCC968D919D9CD5400979CB2 /* ViewController.swift */,
				CCC968DB19D9CD5400979CB2 /* Main.storyboard */,
				CCC968DE19D9CD5400979CB2 /* Images.xcassets */,
				CCC968E019D9CD5400979CB2 /* LaunchScreen.xib */,
				CCC968D519D9CD5400979CB2 /* Supporting Files */,
			);
			path = postcard;
			sourceTree = "<group>";
		};
		CCC968D519D9CD5400979CB2 /* Supporting Files */ = {
			isa = PBXGroup;
			children = (
				CCC968D619D9CD5400979CB2 /* Info.plist */,
			);
			name = "Supporting Files";
			sourceTree = "<group>";
		};
		CCC968EA19D9CD5400979CB2 /* postcardTests */ = {
			isa = PBXGroup;
			children = (
				CCC968ED19D9CD5400979CB2 /* postcardTests.swift */,
				CCC968EB19D9CD5400979CB2 /* Supporting Files */,
			);
			path = postcardTests;
			sourceTree = "<group>";
		};
		CCC968EB19D9CD5400979CB2 /* Supporting Files */ = {
			isa = PBXGroup;
			children = (
				CCC968EC19D9CD5400979CB2 /* Info.plist */,
			);
			name = "Supporting Files";
			sourceTree = "<group>";
		};
/* End PBXGroup section */

/* Begin PBXNativeTarget section */
		CCC968D119D9CD5400979CB2 /* postcard */ = {
			isa = PBXNativeTarget;
			buildConfigurationList = CCC968F119D9CD5400979CB2 /* Build configuration list for PBXNativeTarget "postcard" */;
			buildPhases = (
				CCC968CE19D9CD5400979CB2 /* Sources */,
				CCC968CF19D9CD5400979CB2 /* Frameworks */,
				CCC968D019D9CD5400979CB2 /* Resources */,
			);
			buildRules = (
			);
			dependencies = (
			);
			name = postcard;
			productName = postcard;
			productReference = CCC968D219D9CD5400979CB2 /* postcard.app */;
			productType = "com.apple.product-type.application";
		};
		CCC968E619D9CD5400979CB2 /* postcardTests */ = {
			isa = PBXNativeTarget;
			buildConfigurationList = CCC968F419D9CD5400979CB2 /* Build configuration list for PBXNativeTarget "postcardTests" */;
			buildPhases = (
				CCC968E319D9CD5400979CB2 /* Sources */,
				CCC968E419D9CD5400979CB2 /* Frameworks */,
				CCC968E519D9CD5400979CB2 /* Resources */,
			);
			buildRules = (
			);
			dependencies = (
				CCC968E919D9CD5400979CB2 /* PBXTargetDependency */,
			);
			name = postcardTests;
			productName = postcardTests;
			productReference = CCC968E719D9CD5400979CB2 /* postcardTests.xctest */;
			productType = "com.apple.product-type.bundle.unit-test";
		};
/* End PBXNativeTarget section */

/* Begin PBXProject section */
		CCC968CA19D9CD5300979CB2 /* Project object */ = {
			isa = PBXProject;
			attributes = {
				LastUpgradeCheck = 0600;
				ORGANIZATIONNAME = "Bear Creek Consulting LLC";
				TargetAttributes = {
					CCC968D119D9CD5400979CB2 = {
						CreatedOnToolsVersion = 6.0.1;
					};
					CCC968E619D9CD5400979CB2 = {
						CreatedOnToolsVersion = 6.0.1;
						TestTargetID = CCC968D119D9CD5400979CB2;
					};
				};
			};
			buildConfigurationList = CCC968CD19D9CD5400979CB2 /* Build configuration list for PBXProject "postcard" */;
			compatibilityVersion = "Xcode 3.2";
			developmentRegion = English;
			hasScannedForEncodings = 0;
			knownRegions = (
				en,
				Base,
			);
			mainGroup = CCC968C919D9CD5300979CB2;
			productRefGroup = CCC968D319D9CD5400979CB2 /* Products */;
			projectDirPath = "";
			projectRoot = "";
			targets = (
				CCC968D119D9CD5400979CB2 /* postcard */,
				CCC968E619D9CD5400979CB2 /* postcardTests */,
			);
		};
/* End PBXProject section */

/* Begin PBXResourcesBuildPhase section */
		CCC968D019D9CD5400979CB2 /* Resources */ = {
			isa = PBXResourcesBuildPhase;
			buildActionMask = 2147483647;
			files = (
				CCC968DD19D9CD5400979CB2 /* Main.storyboard in Resources */,
				CCC968E219D9CD5400979CB2 /* LaunchScreen.xib in Resources */,
				CCC968DF19D9CD5400979CB2 /* Images.xcassets in Resources */,
			);
			runOnlyForDeploymentPostprocessing = 0;
		};
		CCC968E519D9CD5400979CB2 /* Resources */ = {
			isa = PBXResourcesBuildPhase;
			buildActionMask = 2147483647;
			files = (
			);
			runOnlyForDeploymentPostprocessing = 0;
		};
/* End PBXResourcesBuildPhase section */

/* Begin PBXSourcesBuildPhase section */
		CCC968CE19D9CD5400979CB2 /* Sources */ = {
			isa = PBXSourcesBuildPhase;
			buildActionMask = 2147483647;
			files = (
				CCC968DA19D9CD5400979CB2 /* ViewController.swift in Sources */,
				CCC968D819D9CD5400979CB2 /* AppDelegate.swift in Sources */,
			);
			runOnlyForDeploymentPostprocessing = 0;
		};
		CCC968E319D9CD5400979CB2 /* Sources */ = {
			isa = PBXSourcesBuildPhase;
			buildActionMask = 2147483647;
			files = (
				CCC968EE19D9CD5400979CB2 /* postcardTests.swift in Sources */,
			);
			runOnlyForDeploymentPostprocessing = 0;
		};
/* End PBXSourcesBuildPhase section */

/* Begin PBXTargetDependency section */
		CCC968E919D9CD5400979CB2 /* PBXTargetDependency */ = {
			isa = PBXTargetDependency;
			target = CCC968D119D9CD5400979CB2 /* postcard */;
			targetProxy = CCC968E819D9CD5400979CB2 /* PBXContainerItemProxy */;
		};
/* End PBXTargetDependency section */

/* Begin PBXVariantGroup section */
		CCC968DB19D9CD5400979CB2 /* Main.storyboard */ = {
			isa = PBXVariantGroup;
			children = (
				CCC968DC19D9CD5400979CB2 /* Base */,
			);
			name = Main.storyboard;
			sourceTree = "<group>";
		};
		CCC968E019D9CD5400979CB2 /* LaunchScreen.xib */ = {
			isa = PBXVariantGroup;
			children = (
				CCC968E119D9CD5400979CB2 /* Base */,
			);
			name = LaunchScreen.xib;
			sourceTree = "<group>";
		};
/* End PBXVariantGroup section */

/* Begin XCBuildConfiguration section */
		CCC968EF19D9CD5400979CB2 /* Debug */ = {
			isa = XCBuildConfiguration;
			buildSettings = {
				ALWAYS_SEARCH_USER_PATHS = NO;
				CLANG_CXX_LANGUAGE_STANDARD = "gnu++0x";
				CLANG_CXX_LIBRARY = "libc++";
				CLANG_ENABLE_MODULES = YES;
				CLANG_ENABLE_OBJC_ARC = YES;
				CLANG_WARN_BOOL_CONVERSION = YES;
				CLANG_WARN_CONSTANT_CONVERSION = YES;
				CLANG_WARN_DIRECT_OBJC_ISA_USAGE = YES_ERROR;
				CLANG_WARN_EMPTY_BODY = YES;
				CLANG_WARN_ENUM_CONVERSION = YES;
				CLANG_WARN_INT_CONVERSION = YES;
				CLANG_WARN_OBJC_ROOT_CLASS = YES_ERROR;
				CLANG_WARN_UNREACHABLE_CODE = YES;
				CLANG_WARN__DUPLICATE_METHOD_MATCH = YES;
				"CODE_SIGN_IDENTITY[sdk=iphoneos*]" = "iPhone Developer";
				COPY_PHASE_STRIP = NO;
				ENABLE_STRICT_OBJC_MSGSEND = YES;
				GCC_C_LANGUAGE_STANDARD = gnu99;
				GCC_DYNAMIC_NO_PIC = NO;
				GCC_OPTIMIZATION_LEVEL = 0;
				GCC_PREPROCESSOR_DEFINITIONS = (
					"DEBUG=1",
					"$(inherited)",
				);
				GCC_SYMBOLS_PRIVATE_EXTERN = NO;
				GCC_WARN_64_TO_32_BIT_CONVERSION = YES;
				GCC_WARN_ABOUT_RETURN_TYPE = YES_ERROR;
				GCC_WARN_UNDECLARED_SELECTOR = YES;
				GCC_WARN_UNINITIALIZED_AUTOS = YES_AGGRESSIVE;
				GCC_WARN_UNUSED_FUNCTION = YES;
				GCC_WARN_UNUSED_VARIABLE = YES;
				IPHONEOS_DEPLOYMENT_TARGET = 8.0;
				MTL_ENABLE_DEBUG_INFO = YES;
				ONLY_ACTIVE_ARCH = YES;
				SDKROOT = iphoneos;
				SWIFT_OPTIMIZATION_LEVEL = "-Onone";
			};
			name = Debug;
		};
		CCC968F019D9CD5400979CB2 /* Release */ = {
			isa = XCBuildConfiguration;
			buildSettings = {
				ALWAYS_SEARCH_USER_PATHS = NO;
				CLANG_CXX_LANGUAGE_STANDARD = "gnu++0x";
				CLANG_CXX_LIBRARY = "libc++";
				CLANG_ENABLE_MODULES = YES;
				CLANG_ENABLE_OBJC_ARC = YES;
				CLANG_WARN_BOOL_CONVERSION = YES;
				CLANG_WARN_CONSTANT_CONVERSION = YES;
				CLANG_WARN_DIRECT_OBJC_ISA_USAGE = YES_ERROR;
				CLANG_WARN_EMPTY_BODY = YES;
				CLANG_WARN_ENUM_CONVERSION = YES;
				CLANG_WARN_INT_CONVERSION = YES;
				CLANG_WARN_OBJC_ROOT_CLASS = YES_ERROR;
				CLANG_WARN_UNREACHABLE_CODE = YES;
				CLANG_WARN__DUPLICATE_METHOD_MATCH = YES;
				"CODE_SIGN_IDENTITY[sdk=iphoneos*]" = "iPhone Developer";
				COPY_PHASE_STRIP = YES;
				ENABLE_NS_ASSERTIONS = NO;
				ENABLE_STRICT_OBJC_MSGSEND = YES;
				GCC_C_LANGUAGE_STANDARD = gnu99;
				GCC_WARN_64_TO_32_BIT_CONVERSION = YES;
				GCC_WARN_ABOUT_RETURN_TYPE = YES_ERROR;
				GCC_WARN_UNDECLARED_SELECTOR = YES;
				GCC_WARN_UNINITIALIZED_AUTOS = YES_AGGRESSIVE;
				GCC_WARN_UNUSED_FUNCTION = YES;
				GCC_WARN_UNUSED_VARIABLE = YES;
				IPHONEOS_DEPLOYMENT_TARGET = 8.0;
				MTL_ENABLE_DEBUG_INFO = NO;
				SDKROOT = iphoneos;
				VALIDATE_PRODUCT = YES;
			};
			name = Release;
		};
		CCC968F219D9CD5400979CB2 /* Debug */ = {
			isa = XCBuildConfiguration;
			buildSettings = {
				ASSETCATALOG_COMPILER_APPICON_NAME = AppIcon;
				INFOPLIST_FILE = postcard/Info.plist;
				LD_RUNPATH_SEARCH_PATHS = "$(inherited) @executable_path/Frameworks";
				PRODUCT_NAME = "$(TARGET_NAME)";
			};
			name = Debug;
		};
		CCC968F319D9CD5400979CB2 /* Release */ = {
			isa = XCBuildConfiguration;
			buildSettings = {
				ASSETCATALOG_COMPILER_APPICON_NAME = AppIcon;
				INFOPLIST_FILE = postcard/Info.plist;
				LD_RUNPATH_SEARCH_PATHS = "$(inherited) @executable_path/Frameworks";
				PRODUCT_NAME = "$(TARGET_NAME)";
			};
			name = Release;
		};
		CCC968F519D9CD5400979CB2 /* Debug */ = {
			isa = XCBuildConfiguration;
			buildSettings = {
				BUNDLE_LOADER = "$(TEST_HOST)";
				FRAMEWORK_SEARCH_PATHS = (
					"$(SDKROOT)/Developer/Library/Frameworks",
					"$(inherited)",
				);
				GCC_PREPROCESSOR_DEFINITIONS = (
					"DEBUG=1",
					"$(inherited)",
				);
				INFOPLIST_FILE = postcardTests/Info.plist;
				LD_RUNPATH_SEARCH_PATHS = "$(inherited) @executable_path/Frameworks @loader_path/Frameworks";
				PRODUCT_NAME = "$(TARGET_NAME)";
				TEST_HOST = "$(BUILT_PRODUCTS_DIR)/postcard.app/postcard";
			};
			name = Debug;
		};
		CCC968F619D9CD5400979CB2 /* Release */ = {
			isa = XCBuildConfiguration;
			buildSettings = {
				BUNDLE_LOADER = "$(TEST_HOST)";
				FRAMEWORK_SEARCH_PATHS = (
					"$(SDKROOT)/Developer/Library/Frameworks",
					"$(inherited)",
				);
				INFOPLIST_FILE = postcardTests/Info.plist;
				LD_RUNPATH_SEARCH_PATHS = "$(inherited) @executable_path/Frameworks @loader_path/Frameworks";
				PRODUCT_NAME = "$(TARGET_NAME)";
				TEST_HOST = "$(BUILT_PRODUCTS_DIR)/postcard.app/postcard";
			};
			name = Release;
		};
/* End XCBuildConfiguration section */

/* Begin XCConfigurationList section */
		CCC968CD19D9CD5400979CB2 /* Build configuration list for PBXProject "postcard" */ = {
			isa = XCConfigurationList;
			buildConfigurations = (
				CCC968EF19D9CD5400979CB2 /* Debug */,
				CCC968F019D9CD5400979CB2 /* Release */,
			);
			defaultConfigurationIsVisible = 0;
			defaultConfigurationName = Release;
		};
		CCC968F119D9CD5400979CB2 /* Build configuration list for PBXNativeTarget "postcard" */ = {
			isa = XCConfigurationList;
			buildConfigurations = (
				CCC968F219D9CD5400979CB2 /* Debug */,
				CCC968F319D9CD5400979CB2 /* Release */,
			);
			defaultConfigurationIsVisible = 0;
		};
		CCC968F419D9CD5400979CB2 /* Build configuration list for PBXNativeTarget "postcardTests" */ = {
			isa = XCConfigurationList;
			buildConfigurations = (
				CCC968F519D9CD5400979CB2 /* Debug */,
				CCC968F619D9CD5400979CB2 /* Release */,
			);
			defaultConfigurationIsVisible = 0;
		};
/* End XCConfigurationList section */
	};
	rootObject = CCC968CA19D9CD5300979CB2 /* Project object */;
}
